// !$*UTF8*$!
{
	archiveVersion = 1;
	classes = {
	};
	objectVersion = 46;
	objects = {

/* Begin PBXBuildFile section */
		271B18E11B61E98600395FC2 /* PPPartyGamesViewController.m in Sources */ = {isa = PBXBuildFile; fileRef = 271B18DF1B61E98600395FC2 /* PPPartyGamesViewController.m */; };
		271B18E21B61E98600395FC2 /* PPPartyIconViewController.m in Sources */ = {isa = PBXBuildFile; fileRef = 271B18E01B61E98600395FC2 /* PPPartyIconViewController.m */; };
		277F79981B589B3E00AD1955 /* main.m in Sources */ = {isa = PBXBuildFile; fileRef = 277F79971B589B3E00AD1955 /* main.m */; };
		277F799B1B589B3E00AD1955 /* AppDelegate.m in Sources */ = {isa = PBXBuildFile; fileRef = 277F799A1B589B3E00AD1955 /* AppDelegate.m */; };
		277F79A11B589B3E00AD1955 /* Main.storyboard in Resources */ = {isa = PBXBuildFile; fileRef = 277F799F1B589B3E00AD1955 /* Main.storyboard */; };
		277F79A31B589B3E00AD1955 /* Images.xcassets in Resources */ = {isa = PBXBuildFile; fileRef = 277F79A21B589B3E00AD1955 /* Images.xcassets */; };
		277F79A61B589B3E00AD1955 /* LaunchScreen.xib in Resources */ = {isa = PBXBuildFile; fileRef = 277F79A41B589B3E00AD1955 /* LaunchScreen.xib */; };
		277F79B21B589B3E00AD1955 /* PartyPointsTests.m in Sources */ = {isa = PBXBuildFile; fileRef = 277F79B11B589B3E00AD1955 /* PartyPointsTests.m */; };
		27AB463D1B641052000CAC3F /* Game.m in Sources */ = {isa = PBXBuildFile; fileRef = 27AB462C1B641052000CAC3F /* Game.m */; };
		27AB463E1B641052000CAC3F /* Guest.m in Sources */ = {isa = PBXBuildFile; fileRef = 27AB462D1B641052000CAC3F /* Guest.m */; };
		27AB463F1B641052000CAC3F /* Icon.m in Sources */ = {isa = PBXBuildFile; fileRef = 27AB462E1B641052000CAC3F /* Icon.m */; };
		27AB46401B641052000CAC3F /* Party.m in Sources */ = {isa = PBXBuildFile; fileRef = 27AB462F1B641052000CAC3F /* Party.m */; };
		27AB46411B641052000CAC3F /* PPCreatePartyViewController.m in Sources */ = {isa = PBXBuildFile; fileRef = 27AB46301B641052000CAC3F /* PPCreatePartyViewController.m */; };
		27AB46421B641052000CAC3F /* PPEditPartyTableViewController.m in Sources */ = {isa = PBXBuildFile; fileRef = 27AB46311B641052000CAC3F /* PPEditPartyTableViewController.m */; };
		27AB46431B641052000CAC3F /* PPGuestTableViewController.m in Sources */ = {isa = PBXBuildFile; fileRef = 27AB46321B641052000CAC3F /* PPGuestTableViewController.m */; };
		27AB46441B641052000CAC3F /* PPHomeViewController.m in Sources */ = {isa = PBXBuildFile; fileRef = 27AB46331B641052000CAC3F /* PPHomeViewController.m */; };
		27AB46451B641052000CAC3F /* PPLoginViewController.m in Sources */ = {isa = PBXBuildFile; fileRef = 27AB46341B641052000CAC3F /* PPLoginViewController.m */; };
		27AB46461B641052000CAC3F /* PPPartyDateViewController.m in Sources */ = {isa = PBXBuildFile; fileRef = 27AB46351B641052000CAC3F /* PPPartyDateViewController.m */; };
		27AB46471B641052000CAC3F /* PPPartyGuestsViewController.m in Sources */ = {isa = PBXBuildFile; fileRef = 27AB46361B641052000CAC3F /* PPPartyGuestsViewController.m */; };
		27AB46481B641052000CAC3F /* PPPartyNameViewController.m in Sources */ = {isa = PBXBuildFile; fileRef = 27AB46371B641052000CAC3F /* PPPartyNameViewController.m */; };
		27AB46491B641052000CAC3F /* PPPartyTableViewController.m in Sources */ = {isa = PBXBuildFile; fileRef = 27AB46381B641052000CAC3F /* PPPartyTableViewController.m */; };
		27AB464A1B641052000CAC3F /* Stack.m in Sources */ = {isa = PBXBuildFile; fileRef = 27AB46391B641052000CAC3F /* Stack.m */; };
		27AB464B1B641052000CAC3F /* User.m in Sources */ = {isa = PBXBuildFile; fileRef = 27AB463A1B641052000CAC3F /* User.m */; };
		27AB464C1B641052000CAC3F /* Model.xcdatamodeld in Sources */ = {isa = PBXBuildFile; fileRef = 27AB463B1B641052000CAC3F /* Model.xcdatamodeld */; };
		27AB46541B6841DE000CAC3F /* PartyController.m in Sources */ = {isa = PBXBuildFile; fileRef = 27AB46531B6841DE000CAC3F /* PartyController.m */; };
		27AB46571B6841E9000CAC3F /* GuestController.m in Sources */ = {isa = PBXBuildFile; fileRef = 27AB46561B6841E9000CAC3F /* GuestController.m */; };
		27AB465A1B6841F1000CAC3F /* GamesController.m in Sources */ = {isa = PBXBuildFile; fileRef = 27AB46591B6841F1000CAC3F /* GamesController.m */; };
		27AB465D1B6841FA000CAC3F /* UserController.m in Sources */ = {isa = PBXBuildFile; fileRef = 27AB465C1B6841FA000CAC3F /* UserController.m */; };
/* End PBXBuildFile section */

/* Begin PBXContainerItemProxy section */
		277F79AC1B589B3E00AD1955 /* PBXContainerItemProxy */ = {
			isa = PBXContainerItemProxy;
			containerPortal = 277F798A1B589B3E00AD1955 /* Project object */;
			proxyType = 1;
			remoteGlobalIDString = 277F79911B589B3E00AD1955;
			remoteInfo = PartyPoints;
		};
/* End PBXContainerItemProxy section */

/* Begin PBXFileReference section */
		271B18DD1B61E98600395FC2 /* PPPartyGamesViewController.h */ = {isa = PBXFileReference; fileEncoding = 4; lastKnownFileType = sourcecode.c.h; name = PPPartyGamesViewController.h; path = PartyPointsTests/PPPartyGamesViewController.h; sourceTree = SOURCE_ROOT; };
		271B18DE1B61E98600395FC2 /* PPPartyIconViewController.h */ = {isa = PBXFileReference; fileEncoding = 4; lastKnownFileType = sourcecode.c.h; name = PPPartyIconViewController.h; path = PartyPointsTests/PPPartyIconViewController.h; sourceTree = SOURCE_ROOT; };
		271B18DF1B61E98600395FC2 /* PPPartyGamesViewController.m */ = {isa = PBXFileReference; fileEncoding = 4; lastKnownFileType = sourcecode.c.objc; name = PPPartyGamesViewController.m; path = PartyPointsTests/PPPartyGamesViewController.m; sourceTree = SOURCE_ROOT; };
		271B18E01B61E98600395FC2 /* PPPartyIconViewController.m */ = {isa = PBXFileReference; fileEncoding = 4; lastKnownFileType = sourcecode.c.objc; name = PPPartyIconViewController.m; path = PartyPointsTests/PPPartyIconViewController.m; sourceTree = SOURCE_ROOT; };
		277F79921B589B3E00AD1955 /* PartyPoints.app */ = {isa = PBXFileReference; explicitFileType = wrapper.application; includeInIndex = 0; path = PartyPoints.app; sourceTree = BUILT_PRODUCTS_DIR; };
		277F79961B589B3E00AD1955 /* Info.plist */ = {isa = PBXFileReference; lastKnownFileType = text.plist.xml; path = Info.plist; sourceTree = "<group>"; };
		277F79971B589B3E00AD1955 /* main.m */ = {isa = PBXFileReference; lastKnownFileType = sourcecode.c.objc; path = main.m; sourceTree = "<group>"; };
		277F79991B589B3E00AD1955 /* AppDelegate.h */ = {isa = PBXFileReference; lastKnownFileType = sourcecode.c.h; path = AppDelegate.h; sourceTree = "<group>"; };
		277F799A1B589B3E00AD1955 /* AppDelegate.m */ = {isa = PBXFileReference; lastKnownFileType = sourcecode.c.objc; path = AppDelegate.m; sourceTree = "<group>"; };
		277F79A01B589B3E00AD1955 /* Base */ = {isa = PBXFileReference; lastKnownFileType = file.storyboard; name = Base; path = Base.lproj/Main.storyboard; sourceTree = "<group>"; };
		277F79A21B589B3E00AD1955 /* Images.xcassets */ = {isa = PBXFileReference; lastKnownFileType = folder.assetcatalog; path = Images.xcassets; sourceTree = "<group>"; };
		277F79A51B589B3E00AD1955 /* Base */ = {isa = PBXFileReference; lastKnownFileType = file.xib; name = Base; path = Base.lproj/LaunchScreen.xib; sourceTree = "<group>"; };
		277F79AB1B589B3E00AD1955 /* PartyPointsTests.xctest */ = {isa = PBXFileReference; explicitFileType = wrapper.cfbundle; includeInIndex = 0; path = PartyPointsTests.xctest; sourceTree = BUILT_PRODUCTS_DIR; };
		277F79B01B589B3E00AD1955 /* Info.plist */ = {isa = PBXFileReference; lastKnownFileType = text.plist.xml; path = Info.plist; sourceTree = "<group>"; };
		277F79B11B589B3E00AD1955 /* PartyPointsTests.m */ = {isa = PBXFileReference; lastKnownFileType = sourcecode.c.objc; path = PartyPointsTests.m; sourceTree = "<group>"; };
		27AB461D1B641052000CAC3F /* Game.h */ = {isa = PBXFileReference; fileEncoding = 4; lastKnownFileType = sourcecode.c.h; path = Game.h; sourceTree = "<group>"; };
		27AB461E1B641052000CAC3F /* Guest.h */ = {isa = PBXFileReference; fileEncoding = 4; lastKnownFileType = sourcecode.c.h; path = Guest.h; sourceTree = "<group>"; };
		27AB461F1B641052000CAC3F /* Icon.h */ = {isa = PBXFileReference; fileEncoding = 4; lastKnownFileType = sourcecode.c.h; path = Icon.h; sourceTree = "<group>"; };
		27AB46201B641052000CAC3F /* Party.h */ = {isa = PBXFileReference; fileEncoding = 4; lastKnownFileType = sourcecode.c.h; path = Party.h; sourceTree = "<group>"; };
		27AB46211B641052000CAC3F /* PPCreatePartyViewController.h */ = {isa = PBXFileReference; fileEncoding = 4; lastKnownFileType = sourcecode.c.h; path = PPCreatePartyViewController.h; sourceTree = "<group>"; };
		27AB46221B641052000CAC3F /* PPEditPartyTableViewController.h */ = {isa = PBXFileReference; fileEncoding = 4; lastKnownFileType = sourcecode.c.h; path = PPEditPartyTableViewController.h; sourceTree = "<group>"; };
		27AB46231B641052000CAC3F /* PPGuestTableViewController.h */ = {isa = PBXFileReference; fileEncoding = 4; lastKnownFileType = sourcecode.c.h; path = PPGuestTableViewController.h; sourceTree = "<group>"; };
		27AB46241B641052000CAC3F /* PPHomeViewController.h */ = {isa = PBXFileReference; fileEncoding = 4; lastKnownFileType = sourcecode.c.h; path = PPHomeViewController.h; sourceTree = "<group>"; };
		27AB46251B641052000CAC3F /* PPLoginViewController.h */ = {isa = PBXFileReference; fileEncoding = 4; lastKnownFileType = sourcecode.c.h; path = PPLoginViewController.h; sourceTree = "<group>"; };
		27AB46261B641052000CAC3F /* PPPartyDateViewController.h */ = {isa = PBXFileReference; fileEncoding = 4; lastKnownFileType = sourcecode.c.h; path = PPPartyDateViewController.h; sourceTree = "<group>"; };
		27AB46271B641052000CAC3F /* PPPartyGuestsViewController.h */ = {isa = PBXFileReference; fileEncoding = 4; lastKnownFileType = sourcecode.c.h; path = PPPartyGuestsViewController.h; sourceTree = "<group>"; };
		27AB46281B641052000CAC3F /* PPPartyNameViewController.h */ = {isa = PBXFileReference; fileEncoding = 4; lastKnownFileType = sourcecode.c.h; path = PPPartyNameViewController.h; sourceTree = "<group>"; };
		27AB46291B641052000CAC3F /* PPPartyTableViewController.h */ = {isa = PBXFileReference; fileEncoding = 4; lastKnownFileType = sourcecode.c.h; path = PPPartyTableViewController.h; sourceTree = "<group>"; };
		27AB462A1B641052000CAC3F /* Stack.h */ = {isa = PBXFileReference; fileEncoding = 4; lastKnownFileType = sourcecode.c.h; path = Stack.h; sourceTree = "<group>"; };
		27AB462B1B641052000CAC3F /* User.h */ = {isa = PBXFileReference; fileEncoding = 4; lastKnownFileType = sourcecode.c.h; path = User.h; sourceTree = "<group>"; };
		27AB462C1B641052000CAC3F /* Game.m */ = {isa = PBXFileReference; fileEncoding = 4; lastKnownFileType = sourcecode.c.objc; path = Game.m; sourceTree = "<group>"; };
		27AB462D1B641052000CAC3F /* Guest.m */ = {isa = PBXFileReference; fileEncoding = 4; lastKnownFileType = sourcecode.c.objc; path = Guest.m; sourceTree = "<group>"; };
		27AB462E1B641052000CAC3F /* Icon.m */ = {isa = PBXFileReference; fileEncoding = 4; lastKnownFileType = sourcecode.c.objc; path = Icon.m; sourceTree = "<group>"; };
		27AB462F1B641052000CAC3F /* Party.m */ = {isa = PBXFileReference; fileEncoding = 4; lastKnownFileType = sourcecode.c.objc; path = Party.m; sourceTree = "<group>"; };
		27AB46301B641052000CAC3F /* PPCreatePartyViewController.m */ = {isa = PBXFileReference; fileEncoding = 4; lastKnownFileType = sourcecode.c.objc; path = PPCreatePartyViewController.m; sourceTree = "<group>"; };
		27AB46311B641052000CAC3F /* PPEditPartyTableViewController.m */ = {isa = PBXFileReference; fileEncoding = 4; lastKnownFileType = sourcecode.c.objc; path = PPEditPartyTableViewController.m; sourceTree = "<group>"; };
		27AB46321B641052000CAC3F /* PPGuestTableViewController.m */ = {isa = PBXFileReference; fileEncoding = 4; lastKnownFileType = sourcecode.c.objc; path = PPGuestTableViewController.m; sourceTree = "<group>"; };
		27AB46331B641052000CAC3F /* PPHomeViewController.m */ = {isa = PBXFileReference; fileEncoding = 4; lastKnownFileType = sourcecode.c.objc; path = PPHomeViewController.m; sourceTree = "<group>"; };
		27AB46341B641052000CAC3F /* PPLoginViewController.m */ = {isa = PBXFileReference; fileEncoding = 4; lastKnownFileType = sourcecode.c.objc; path = PPLoginViewController.m; sourceTree = "<group>"; };
		27AB46351B641052000CAC3F /* PPPartyDateViewController.m */ = {isa = PBXFileReference; fileEncoding = 4; lastKnownFileType = sourcecode.c.objc; path = PPPartyDateViewController.m; sourceTree = "<group>"; };
		27AB46361B641052000CAC3F /* PPPartyGuestsViewController.m */ = {isa = PBXFileReference; fileEncoding = 4; lastKnownFileType = sourcecode.c.objc; path = PPPartyGuestsViewController.m; sourceTree = "<group>"; };
		27AB46371B641052000CAC3F /* PPPartyNameViewController.m */ = {isa = PBXFileReference; fileEncoding = 4; lastKnownFileType = sourcecode.c.objc; path = PPPartyNameViewController.m; sourceTree = "<group>"; };
		27AB46381B641052000CAC3F /* PPPartyTableViewController.m */ = {isa = PBXFileReference; fileEncoding = 4; lastKnownFileType = sourcecode.c.objc; path = PPPartyTableViewController.m; sourceTree = "<group>"; };
		27AB46391B641052000CAC3F /* Stack.m */ = {isa = PBXFileReference; fileEncoding = 4; lastKnownFileType = sourcecode.c.objc; path = Stack.m; sourceTree = "<group>"; };
		27AB463A1B641052000CAC3F /* User.m */ = {isa = PBXFileReference; fileEncoding = 4; lastKnownFileType = sourcecode.c.objc; path = User.m; sourceTree = "<group>"; };
		27AB463C1B641052000CAC3F /* Model.xcdatamodel */ = {isa = PBXFileReference; lastKnownFileType = wrapper.xcdatamodel; path = Model.xcdatamodel; sourceTree = "<group>"; };
		27AB46521B6841DE000CAC3F /* PartyController.h */ = {isa = PBXFileReference; fileEncoding = 4; lastKnownFileType = sourcecode.c.h; name = PartyController.h; path = PartyPoints/PartyController.h; sourceTree = "<group>"; };
		27AB46531B6841DE000CAC3F /* PartyController.m */ = {isa = PBXFileReference; fileEncoding = 4; lastKnownFileType = sourcecode.c.objc; name = PartyController.m; path = PartyPoints/PartyController.m; sourceTree = "<group>"; };
		27AB46551B6841E9000CAC3F /* GuestController.h */ = {isa = PBXFileReference; fileEncoding = 4; lastKnownFileType = sourcecode.c.h; name = GuestController.h; path = PartyPoints/GuestController.h; sourceTree = "<group>"; };
		27AB46561B6841E9000CAC3F /* GuestController.m */ = {isa = PBXFileReference; fileEncoding = 4; lastKnownFileType = sourcecode.c.objc; name = GuestController.m; path = PartyPoints/GuestController.m; sourceTree = "<group>"; };
		27AB46581B6841F1000CAC3F /* GamesController.h */ = {isa = PBXFileReference; fileEncoding = 4; lastKnownFileType = sourcecode.c.h; name = GamesController.h; path = PartyPoints/GamesController.h; sourceTree = "<group>"; };
		27AB46591B6841F1000CAC3F /* GamesController.m */ = {isa = PBXFileReference; fileEncoding = 4; lastKnownFileType = sourcecode.c.objc; name = GamesController.m; path = PartyPoints/GamesController.m; sourceTree = "<group>"; };
		27AB465B1B6841FA000CAC3F /* UserController.h */ = {isa = PBXFileReference; fileEncoding = 4; lastKnownFileType = sourcecode.c.h; name = UserController.h; path = PartyPoints/UserController.h; sourceTree = "<group>"; };
		27AB465C1B6841FA000CAC3F /* UserController.m */ = {isa = PBXFileReference; fileEncoding = 4; lastKnownFileType = sourcecode.c.objc; name = UserController.m; path = PartyPoints/UserController.m; sourceTree = "<group>"; };
/* End PBXFileReference section */

/* Begin PBXFrameworksBuildPhase section */
		277F798F1B589B3E00AD1955 /* Frameworks */ = {
			isa = PBXFrameworksBuildPhase;
			buildActionMask = 2147483647;
			files = (
			);
			runOnlyForDeploymentPostprocessing = 0;
		};
		277F79A81B589B3E00AD1955 /* Frameworks */ = {
			isa = PBXFrameworksBuildPhase;
			buildActionMask = 2147483647;
			files = (
			);
			runOnlyForDeploymentPostprocessing = 0;
		};
/* End PBXFrameworksBuildPhase section */

/* Begin PBXGroup section */
		277F79891B589B3E00AD1955 = {
			isa = PBXGroup;
			children = (
				277F79941B589B3E00AD1955 /* PartyPoints */,
				277F79AE1B589B3E00AD1955 /* PartyPointsTests */,
				277F79931B589B3E00AD1955 /* Products */,
			);
			sourceTree = "<group>";
		};
		277F79931B589B3E00AD1955 /* Products */ = {
			isa = PBXGroup;
			children = (
				277F79921B589B3E00AD1955 /* PartyPoints.app */,
				277F79AB1B589B3E00AD1955 /* PartyPointsTests.xctest */,
			);
			name = Products;
			sourceTree = "<group>";
		};
		277F79941B589B3E00AD1955 /* PartyPoints */ = {
			isa = PBXGroup;
			children = (
				27AB464D1B6410AA000CAC3F /* Model Objects */,
				27AB464E1B641138000CAC3F /* Views */,
				27AB465E1B684200000CAC3F /* Controller Objects */,
				277F79991B589B3E00AD1955 /* AppDelegate.h */,
				277F799A1B589B3E00AD1955 /* AppDelegate.m */,
				277F799F1B589B3E00AD1955 /* Main.storyboard */,
				27AB462A1B641052000CAC3F /* Stack.h */,
				27AB46391B641052000CAC3F /* Stack.m */,
				27AB463B1B641052000CAC3F /* Model.xcdatamodeld */,
				277F79A21B589B3E00AD1955 /* Images.xcassets */,
				277F79A41B589B3E00AD1955 /* LaunchScreen.xib */,
				277F79951B589B3E00AD1955 /* Supporting Files */,
			);
			path = PartyPoints;
			sourceTree = "<group>";
		};
		277F79951B589B3E00AD1955 /* Supporting Files */ = {
			isa = PBXGroup;
			children = (
				277F79961B589B3E00AD1955 /* Info.plist */,
				277F79971B589B3E00AD1955 /* main.m */,
			);
			name = "Supporting Files";
			sourceTree = "<group>";
		};
		277F79AE1B589B3E00AD1955 /* PartyPointsTests */ = {
			isa = PBXGroup;
			children = (
				277F79B11B589B3E00AD1955 /* PartyPointsTests.m */,
				277F79AF1B589B3E00AD1955 /* Supporting Files */,
			);
			path = PartyPointsTests;
			sourceTree = "<group>";
		};
		277F79AF1B589B3E00AD1955 /* Supporting Files */ = {
			isa = PBXGroup;
			children = (
				277F79B01B589B3E00AD1955 /* Info.plist */,
			);
			name = "Supporting Files";
			sourceTree = "<group>";
		};
		27AB464D1B6410AA000CAC3F /* Model Objects */ = {
			isa = PBXGroup;
			children = (
				27AB461D1B641052000CAC3F /* Game.h */,
				27AB462C1B641052000CAC3F /* Game.m */,
				27AB461E1B641052000CAC3F /* Guest.h */,
				27AB462D1B641052000CAC3F /* Guest.m */,
				27AB461F1B641052000CAC3F /* Icon.h */,
				27AB462E1B641052000CAC3F /* Icon.m */,
				27AB46201B641052000CAC3F /* Party.h */,
				27AB462F1B641052000CAC3F /* Party.m */,
				27AB462B1B641052000CAC3F /* User.h */,
				27AB463A1B641052000CAC3F /* User.m */,
			);
			name = "Model Objects";
			sourceTree = "<group>";
		};
		27AB464E1B641138000CAC3F /* Views */ = {
			isa = PBXGroup;
			children = (
				27AB464F1B6414E6000CAC3F /* Main Views */,
				27AB46501B642AFB000CAC3F /* Create Party Views */,
				27AB46511B642B85000CAC3F /* View Party */,
			);
			name = Views;
			sourceTree = "<group>";
		};
		27AB464F1B6414E6000CAC3F /* Main Views */ = {
			isa = PBXGroup;
			children = (
				27AB46241B641052000CAC3F /* PPHomeViewController.h */,
				27AB46331B641052000CAC3F /* PPHomeViewController.m */,
				27AB46251B641052000CAC3F /* PPLoginViewController.h */,
				27AB46341B641052000CAC3F /* PPLoginViewController.m */,
			);
			name = "Main Views";
			sourceTree = "<group>";
		};
		27AB46501B642AFB000CAC3F /* Create Party Views */ = {
			isa = PBXGroup;
			children = (
				27AB46211B641052000CAC3F /* PPCreatePartyViewController.h */,
				27AB46301B641052000CAC3F /* PPCreatePartyViewController.m */,
				27AB46281B641052000CAC3F /* PPPartyNameViewController.h */,
				27AB46371B641052000CAC3F /* PPPartyNameViewController.m */,
				271B18DE1B61E98600395FC2 /* PPPartyIconViewController.h */,
				271B18E01B61E98600395FC2 /* PPPartyIconViewController.m */,
				27AB46261B641052000CAC3F /* PPPartyDateViewController.h */,
				27AB46351B641052000CAC3F /* PPPartyDateViewController.m */,
				27AB46271B641052000CAC3F /* PPPartyGuestsViewController.h */,
				27AB46361B641052000CAC3F /* PPPartyGuestsViewController.m */,
				271B18DD1B61E98600395FC2 /* PPPartyGamesViewController.h */,
				271B18DF1B61E98600395FC2 /* PPPartyGamesViewController.m */,
			);
			name = "Create Party Views";
			sourceTree = "<group>";
		};
		27AB46511B642B85000CAC3F /* View Party */ = {
			isa = PBXGroup;
			children = (
				27AB46291B641052000CAC3F /* PPPartyTableViewController.h */,
				27AB46381B641052000CAC3F /* PPPartyTableViewController.m */,
				27AB46231B641052000CAC3F /* PPGuestTableViewController.h */,
				27AB46321B641052000CAC3F /* PPGuestTableViewController.m */,
				27AB46221B641052000CAC3F /* PPEditPartyTableViewController.h */,
				27AB46311B641052000CAC3F /* PPEditPartyTableViewController.m */,
			);
			name = "View Party";
			sourceTree = "<group>";
		};
		27AB465E1B684200000CAC3F /* Controller Objects */ = {
			isa = PBXGroup;
			children = (
				27AB46521B6841DE000CAC3F /* PartyController.h */,
				27AB46531B6841DE000CAC3F /* PartyController.m */,
				27AB46551B6841E9000CAC3F /* GuestController.h */,
				27AB46561B6841E9000CAC3F /* GuestController.m */,
				27AB46581B6841F1000CAC3F /* GamesController.h */,
				27AB46591B6841F1000CAC3F /* GamesController.m */,
				27AB465B1B6841FA000CAC3F /* UserController.h */,
				27AB465C1B6841FA000CAC3F /* UserController.m */,
			);
			name = "Controller Objects";
			path = ..;
			sourceTree = "<group>";
		};
/* End PBXGroup section */

/* Begin PBXNativeTarget section */
		277F79911B589B3E00AD1955 /* PartyPoints */ = {
			isa = PBXNativeTarget;
			buildConfigurationList = 277F79B51B589B3E00AD1955 /* Build configuration list for PBXNativeTarget "PartyPoints" */;
			buildPhases = (
				277F798E1B589B3E00AD1955 /* Sources */,
				277F798F1B589B3E00AD1955 /* Frameworks */,
				277F79901B589B3E00AD1955 /* Resources */,
			);
			buildRules = (
			);
			dependencies = (
			);
			name = PartyPoints;
			productName = PartyPoints;
			productReference = 277F79921B589B3E00AD1955 /* PartyPoints.app */;
			productType = "com.apple.product-type.application";
		};
		277F79AA1B589B3E00AD1955 /* PartyPointsTests */ = {
			isa = PBXNativeTarget;
			buildConfigurationList = 277F79B81B589B3E00AD1955 /* Build configuration list for PBXNativeTarget "PartyPointsTests" */;
			buildPhases = (
				277F79A71B589B3E00AD1955 /* Sources */,
				277F79A81B589B3E00AD1955 /* Frameworks */,
				277F79A91B589B3E00AD1955 /* Resources */,
			);
			buildRules = (
			);
			dependencies = (
				277F79AD1B589B3E00AD1955 /* PBXTargetDependency */,
			);
			name = PartyPointsTests;
			productName = PartyPointsTests;
			productReference = 277F79AB1B589B3E00AD1955 /* PartyPointsTests.xctest */;
			productType = "com.apple.product-type.bundle.unit-test";
		};
/* End PBXNativeTarget section */

/* Begin PBXProject section */
		277F798A1B589B3E00AD1955 /* Project object */ = {
			isa = PBXProject;
			attributes = {
				LastUpgradeCheck = 0640;
				ORGANIZATIONNAME = "Kyle Grieder";
				TargetAttributes = {
					277F79911B589B3E00AD1955 = {
						CreatedOnToolsVersion = 6.4;
					};
					277F79AA1B589B3E00AD1955 = {
						CreatedOnToolsVersion = 6.4;
						TestTargetID = 277F79911B589B3E00AD1955;
					};
				};
			};
			buildConfigurationList = 277F798D1B589B3E00AD1955 /* Build configuration list for PBXProject "PartyPoints" */;
			compatibilityVersion = "Xcode 3.2";
			developmentRegion = English;
			hasScannedForEncodings = 0;
			knownRegions = (
				en,
				Base,
			);
			mainGroup = 277F79891B589B3E00AD1955;
			productRefGroup = 277F79931B589B3E00AD1955 /* Products */;
			projectDirPath = "";
			projectRoot = "";
			targets = (
				277F79911B589B3E00AD1955 /* PartyPoints */,
				277F79AA1B589B3E00AD1955 /* PartyPointsTests */,
			);
		};
/* End PBXProject section */

/* Begin PBXResourcesBuildPhase section */
		277F79901B589B3E00AD1955 /* Resources */ = {
			isa = PBXResourcesBuildPhase;
			buildActionMask = 2147483647;
			files = (
				277F79A11B589B3E00AD1955 /* Main.storyboard in Resources */,
				277F79A61B589B3E00AD1955 /* LaunchScreen.xib in Resources */,
				277F79A31B589B3E00AD1955 /* Images.xcassets in Resources */,
			);
			runOnlyForDeploymentPostprocessing = 0;
		};
		277F79A91B589B3E00AD1955 /* Resources */ = {
			isa = PBXResourcesBuildPhase;
			buildActionMask = 2147483647;
			files = (
			);
			runOnlyForDeploymentPostprocessing = 0;
		};
/* End PBXResourcesBuildPhase section */

/* Begin PBXSourcesBuildPhase section */
		277F798E1B589B3E00AD1955 /* Sources */ = {
			isa = PBXSourcesBuildPhase;
			buildActionMask = 2147483647;
			files = (
				27AB464B1B641052000CAC3F /* User.m in Sources */,
				27AB46441B641052000CAC3F /* PPHomeViewController.m in Sources */,
				27AB46421B641052000CAC3F /* PPEditPartyTableViewController.m in Sources */,
				27AB46471B641052000CAC3F /* PPPartyGuestsViewController.m in Sources */,
				27AB465A1B6841F1000CAC3F /* GamesController.m in Sources */,
				27AB46401B641052000CAC3F /* Party.m in Sources */,
				27AB465D1B6841FA000CAC3F /* UserController.m in Sources */,
				27AB46431B641052000CAC3F /* PPGuestTableViewController.m in Sources */,
				27AB46491B641052000CAC3F /* PPPartyTableViewController.m in Sources */,
				277F799B1B589B3E00AD1955 /* AppDelegate.m in Sources */,
				27AB46451B641052000CAC3F /* PPLoginViewController.m in Sources */,
				27AB464A1B641052000CAC3F /* Stack.m in Sources */,
				27AB46541B6841DE000CAC3F /* PartyController.m in Sources */,
				27AB46461B641052000CAC3F /* PPPartyDateViewController.m in Sources */,
				27AB463F1B641052000CAC3F /* Icon.m in Sources */,
				27AB463E1B641052000CAC3F /* Guest.m in Sources */,
				27AB46481B641052000CAC3F /* PPPartyNameViewController.m in Sources */,
				277F79981B589B3E00AD1955 /* main.m in Sources */,
				27AB46571B6841E9000CAC3F /* GuestController.m in Sources */,
				27AB463D1B641052000CAC3F /* Game.m in Sources */,
				27AB464C1B641052000CAC3F /* Model.xcdatamodeld in Sources */,
				271B18E21B61E98600395FC2 /* PPPartyIconViewController.m in Sources */,
				271B18E11B61E98600395FC2 /* PPPartyGamesViewController.m in Sources */,
				27AB46411B641052000CAC3F /* PPCreatePartyViewController.m in Sources */,
			);
			runOnlyForDeploymentPostprocessing = 0;
		};
		277F79A71B589B3E00AD1955 /* Sources */ = {
			isa = PBXSourcesBuildPhase;
			buildActionMask = 2147483647;
			files = (
				277F79B21B589B3E00AD1955 /* PartyPointsTests.m in Sources */,
			);
			runOnlyForDeploymentPostprocessing = 0;
		};
/* End PBXSourcesBuildPhase section */

/* Begin PBXTargetDependency section */
		277F79AD1B589B3E00AD1955 /* PBXTargetDependency */ = {
			isa = PBXTargetDependency;
			target = 277F79911B589B3E00AD1955 /* PartyPoints */;
			targetProxy = 277F79AC1B589B3E00AD1955 /* PBXContainerItemProxy */;
		};
/* End PBXTargetDependency section */

/* Begin PBXVariantGroup section */
		277F799F1B589B3E00AD1955 /* Main.storyboard */ = {
			isa = PBXVariantGroup;
			children = (
				277F79A01B589B3E00AD1955 /* Base */,
			);
			name = Main.storyboard;
			sourceTree = "<group>";
		};
		277F79A41B589B3E00AD1955 /* LaunchScreen.xib */ = {
			isa = PBXVariantGroup;
			children = (
				277F79A51B589B3E00AD1955 /* Base */,
			);
			name = LaunchScreen.xib;
			sourceTree = "<group>";
		};
/* End PBXVariantGroup section */

/* Begin XCBuildConfiguration section */
		277F79B31B589B3E00AD1955 /* Debug */ = {
			isa = XCBuildConfiguration;
			buildSettings = {
				ALWAYS_SEARCH_USER_PATHS = NO;
				CLANG_CXX_LANGUAGE_STANDARD = "gnu++0x";
				CLANG_CXX_LIBRARY = "libc++";
				CLANG_ENABLE_MODULES = YES;
				CLANG_ENABLE_OBJC_ARC = YES;
				CLANG_WARN_BOOL_CONVERSION = YES;
				CLANG_WARN_CONSTANT_CONVERSION = YES;
				CLANG_WARN_DIRECT_OBJC_ISA_USAGE = YES_ERROR;
				CLANG_WARN_EMPTY_BODY = YES;
				CLANG_WARN_ENUM_CONVERSION = YES;
				CLANG_WARN_INT_CONVERSION = YES;
				CLANG_WARN_OBJC_ROOT_CLASS = YES_ERROR;
				CLANG_WARN_UNREACHABLE_CODE = YES;
				CLANG_WARN__DUPLICATE_METHOD_MATCH = YES;
				"CODE_SIGN_IDENTITY[sdk=iphoneos*]" = "iPhone Developer";
				COPY_PHASE_STRIP = NO;
				DEBUG_INFORMATION_FORMAT = "dwarf-with-dsym";
				ENABLE_STRICT_OBJC_MSGSEND = YES;
				GCC_C_LANGUAGE_STANDARD = gnu99;
				GCC_DYNAMIC_NO_PIC = NO;
				GCC_NO_COMMON_BLOCKS = YES;
				GCC_OPTIMIZATION_LEVEL = 0;
				GCC_PREPROCESSOR_DEFINITIONS = (
					"DEBUG=1",
					"$(inherited)",
				);
				GCC_SYMBOLS_PRIVATE_EXTERN = NO;
				GCC_WARN_64_TO_32_BIT_CONVERSION = YES;
				GCC_WARN_ABOUT_RETURN_TYPE = YES_ERROR;
				GCC_WARN_UNDECLARED_SELECTOR = YES;
				GCC_WARN_UNINITIALIZED_AUTOS = YES_AGGRESSIVE;
				GCC_WARN_UNUSED_FUNCTION = YES;
				GCC_WARN_UNUSED_VARIABLE = YES;
				IPHONEOS_DEPLOYMENT_TARGET = 8.4;
				MTL_ENABLE_DEBUG_INFO = YES;
				ONLY_ACTIVE_ARCH = YES;
				SDKROOT = iphoneos;
				TARGETED_DEVICE_FAMILY = "1,2";
			};
			name = Debug;
		};
		277F79B41B589B3E00AD1955 /* Release */ = {
			isa = XCBuildConfiguration;
			buildSettings = {
				ALWAYS_SEARCH_USER_PATHS = NO;
				CLANG_CXX_LANGUAGE_STANDARD = "gnu++0x";
				CLANG_CXX_LIBRARY = "libc++";
				CLANG_ENABLE_MODULES = YES;
				CLANG_ENABLE_OBJC_ARC = YES;
				CLANG_WARN_BOOL_CONVERSION = YES;
				CLANG_WARN_CONSTANT_CONVERSION = YES;
				CLANG_WARN_DIRECT_OBJC_ISA_USAGE = YES_ERROR;
				CLANG_WARN_EMPTY_BODY = YES;
				CLANG_WARN_ENUM_CONVERSION = YES;
				CLANG_WARN_INT_CONVERSION = YES;
				CLANG_WARN_OBJC_ROOT_CLASS = YES_ERROR;
				CLANG_WARN_UNREACHABLE_CODE = YES;
				CLANG_WARN__DUPLICATE_METHOD_MATCH = YES;
				"CODE_SIGN_IDENTITY[sdk=iphoneos*]" = "iPhone Developer";
				COPY_PHASE_STRIP = NO;
				DEBUG_INFORMATION_FORMAT = "dwarf-with-dsym";
				ENABLE_NS_ASSERTIONS = NO;
				ENABLE_STRICT_OBJC_MSGSEND = YES;
				GCC_C_LANGUAGE_STANDARD = gnu99;
				GCC_NO_COMMON_BLOCKS = YES;
				GCC_WARN_64_TO_32_BIT_CONVERSION = YES;
				GCC_WARN_ABOUT_RETURN_TYPE = YES_ERROR;
				GCC_WARN_UNDECLARED_SELECTOR = YES;
				GCC_WARN_UNINITIALIZED_AUTOS = YES_AGGRESSIVE;
				GCC_WARN_UNUSED_FUNCTION = YES;
				GCC_WARN_UNUSED_VARIABLE = YES;
				IPHONEOS_DEPLOYMENT_TARGET = 8.4;
				MTL_ENABLE_DEBUG_INFO = NO;
				SDKROOT = iphoneos;
				TARGETED_DEVICE_FAMILY = "1,2";
				VALIDATE_PRODUCT = YES;
			};
			name = Release;
		};
		277F79B61B589B3E00AD1955 /* Debug */ = {
			isa = XCBuildConfiguration;
			buildSettings = {
				ASSETCATALOG_COMPILER_APPICON_NAME = AppIcon;
				INFOPLIST_FILE = PartyPoints/Info.plist;
				LD_RUNPATH_SEARCH_PATHS = "$(inherited) @executable_path/Frameworks";
				PRODUCT_NAME = "$(TARGET_NAME)";
			};
			name = Debug;
		};
		277F79B71B589B3E00AD1955 /* Release */ = {
			isa = XCBuildConfiguration;
			buildSettings = {
				ASSETCATALOG_COMPILER_APPICON_NAME = AppIcon;
				INFOPLIST_FILE = PartyPoints/Info.plist;
				LD_RUNPATH_SEARCH_PATHS = "$(inherited) @executable_path/Frameworks";
				PRODUCT_NAME = "$(TARGET_NAME)";
			};
			name = Release;
		};
		277F79B91B589B3E00AD1955 /* Debug */ = {
			isa = XCBuildConfiguration;
			buildSettings = {
				BUNDLE_LOADER = "$(TEST_HOST)";
				FRAMEWORK_SEARCH_PATHS = (
					"$(SDKROOT)/Developer/Library/Frameworks",
					"$(inherited)",
				);
				GCC_PREPROCESSOR_DEFINITIONS = (
					"DEBUG=1",
					"$(inherited)",
				);
				INFOPLIST_FILE = PartyPointsTests/Info.plist;
				LD_RUNPATH_SEARCH_PATHS = "$(inherited) @executable_path/Frameworks @loader_path/Frameworks";
				PRODUCT_NAME = "$(TARGET_NAME)";
				TEST_HOST = "$(BUILT_PRODUCTS_DIR)/PartyPoints.app/PartyPoints";
			};
			name = Debug;
		};
		277F79BA1B589B3E00AD1955 /* Release */ = {
			isa = XCBuildConfiguration;
			buildSettings = {
				BUNDLE_LOADER = "$(TEST_HOST)";
				FRAMEWORK_SEARCH_PATHS = (
					"$(SDKROOT)/Developer/Library/Frameworks",
					"$(inherited)",
				);
				INFOPLIST_FILE = PartyPointsTests/Info.plist;
				LD_RUNPATH_SEARCH_PATHS = "$(inherited) @executable_path/Frameworks @loader_path/Frameworks";
				PRODUCT_NAME = "$(TARGET_NAME)";
				TEST_HOST = "$(BUILT_PRODUCTS_DIR)/PartyPoints.app/PartyPoints";
			};
			name = Release;
		};
/* End XCBuildConfiguration section */

/* Begin XCConfigurationList section */
		277F798D1B589B3E00AD1955 /* Build configuration list for PBXProject "PartyPoints" */ = {
			isa = XCConfigurationList;
			buildConfigurations = (
				277F79B31B589B3E00AD1955 /* Debug */,
				277F79B41B589B3E00AD1955 /* Release */,
			);
			defaultConfigurationIsVisible = 0;
			defaultConfigurationName = Release;
		};
		277F79B51B589B3E00AD1955 /* Build configuration list for PBXNativeTarget "PartyPoints" */ = {
			isa = XCConfigurationList;
			buildConfigurations = (
				277F79B61B589B3E00AD1955 /* Debug */,
				277F79B71B589B3E00AD1955 /* Release */,
			);
			defaultConfigurationIsVisible = 0;
			defaultConfigurationName = Release;
		};
		277F79B81B589B3E00AD1955 /* Build configuration list for PBXNativeTarget "PartyPointsTests" */ = {
			isa = XCConfigurationList;
			buildConfigurations = (
				277F79B91B589B3E00AD1955 /* Debug */,
				277F79BA1B589B3E00AD1955 /* Release */,
			);
			defaultConfigurationIsVisible = 0;
			defaultConfigurationName = Release;
		};
/* End XCConfigurationList section */

/* Begin XCVersionGroup section */
		27AB463B1B641052000CAC3F /* Model.xcdatamodeld */ = {
			isa = XCVersionGroup;
			children = (
				27AB463C1B641052000CAC3F /* Model.xcdatamodel */,
			);
			currentVersion = 27AB463C1B641052000CAC3F /* Model.xcdatamodel */;
			path = Model.xcdatamodeld;
			sourceTree = "<group>";
			versionGroupType = wrapper.xcdatamodel;
		};
/* End XCVersionGroup section */
	};
	rootObject = 277F798A1B589B3E00AD1955 /* Project object */;
}
